<?xml version="1.0" encoding="utf-8"?>
<Project ToolsVersion="4.0" xmlns="http://schemas.microsoft.com/developer/msbuild/2003">
  <ItemGroup>
    <Filter Include="ソース ファイル">
      <UniqueIdentifier>{4FC737F1-C7A5-4376-A066-2A32D752A2FF}</UniqueIdentifier>
      <Extensions>cpp;c;cc;cxx;def;odl;idl;hpj;bat;asm;asmx</Extensions>
    </Filter>
    <Filter Include="ソース ファイル\encode">
      <UniqueIdentifier>{9a6e5c2d-d413-4d54-8966-37df9fa87a49}</UniqueIdentifier>
    </Filter>
    <Filter Include="ソース ファイル\prm">
      <UniqueIdentifier>{da4e85f5-c955-4514-b505-3b61006f0208}</UniqueIdentifier>
    </Filter>
    <Filter Include="ソース ファイル\frm">
      <UniqueIdentifier>{c814a3f3-a858-479d-95d8-fe7f6b61b833}</UniqueIdentifier>
    </Filter>
    <Filter Include="ヘッダー ファイル">
      <UniqueIdentifier>{93995380-89BD-4b04-88EB-625FBE52EBFB}</UniqueIdentifier>
      <Extensions>h;hpp;hxx;hm;inl;inc;xsd</Extensions>
    </Filter>
    <Filter Include="ヘッダー ファイル\encode">
      <UniqueIdentifier>{f61a6771-59d6-414e-99a6-2013be4d1ff1}</UniqueIdentifier>
    </Filter>
    <Filter Include="ヘッダー ファイル\prm">
      <UniqueIdentifier>{6d21cdcf-bfb5-46fc-b8e5-76895e92aa75}</UniqueIdentifier>
    </Filter>
    <Filter Include="ヘッダー ファイル\frm">
      <UniqueIdentifier>{022d3ca3-3b76-499c-8675-5fc871c98784}</UniqueIdentifier>
    </Filter>
    <Filter Include="リソース ファイル">
      <UniqueIdentifier>{67DA6AB6-F800-4c08-8B7A-83BB121AAD01}</UniqueIdentifier>
      <Extensions>rc;ico;cur;bmp;dlg;rc2;rct;bin;rgs;gif;jpg;jpeg;jpe;resx;tiff;tif;png;wav</Extensions>
    </Filter>
    <Filter Include="フォーム">
      <UniqueIdentifier>{7c8cfba0-e2c7-4959-9c32-89be0e3371fc}</UniqueIdentifier>
    </Filter>
  </ItemGroup>
  <ItemGroup>
    <ClCompile Include="VCEEnc.cpp">
      <Filter>ソース ファイル</Filter>
    </ClCompile>
    <ClCompile Include="encode\auo_audio.cpp">
      <Filter>ソース ファイル\encode</Filter>
    </ClCompile>
    <ClCompile Include="encode\auo_audio_parallel.cpp">
      <Filter>ソース ファイル\encode</Filter>
    </ClCompile>
    <ClCompile Include="encode\auo_chapter.cpp">
      <Filter>ソース ファイル\encode</Filter>
    </ClCompile>
    <ClCompile Include="encode\auo_encode.cpp">
      <Filter>ソース ファイル\encode</Filter>
    </ClCompile>
    <ClCompile Include="encode\auo_faw2aac.cpp">
      <Filter>ソース ファイル\encode</Filter>
    </ClCompile>
    <ClCompile Include="encode\auo_mux.cpp">
      <Filter>ソース ファイル\encode</Filter>
    </ClCompile>
    <ClCompile Include="encode\auo_pipe.cpp">
      <Filter>ソース ファイル\encode</Filter>
    </ClCompile>
    <ClCompile Include="encode\auo_runbat.cpp">
      <Filter>ソース ファイル\encode</Filter>
    </ClCompile>
    <ClCompile Include="encode\auo_video.cpp">
      <Filter>ソース ファイル\encode</Filter>
    </ClCompile>
    <ClCompile Include="encode\convert.cpp">
      <Filter>ソース ファイル\encode</Filter>
    </ClCompile>
    <ClCompile Include="encode\convert_avx.cpp">
      <Filter>ソース ファイル\encode</Filter>
    </ClCompile>
    <ClCompile Include="encode\fawcheck.cpp">
      <Filter>ソース ファイル\encode</Filter>
    </ClCompile>
    <ClCompile Include="prm\auo_conf.cpp">
      <Filter>ソース ファイル\prm</Filter>
    </ClCompile>
    <ClCompile Include="prm\auo_settings.cpp">
      <Filter>ソース ファイル\prm</Filter>
    </ClCompile>
    <ClCompile Include="prm\auo_util.cpp">
      <Filter>ソース ファイル\prm</Filter>
    </ClCompile>
    <ClCompile Include="frm\auo_error.cpp">
      <Filter>ソース ファイル\frm</Filter>
    </ClCompile>
    <ClCompile Include="frm\auo_frm.cpp">
      <Filter>ソース ファイル\frm</Filter>
    </ClCompile>
    <ClCompile Include="frm\frmConfig.cpp">
      <Filter>フォーム</Filter>
    </ClCompile>
    <ClCompile Include="frm\frmLog.cpp">
      <Filter>フォーム</Filter>
    </ClCompile>
    <ClCompile Include="encode\exe_version.cpp">
      <Filter>ソース ファイル\encode</Filter>
    </ClCompile>
    <ClCompile Include="encode\auo_convert.cpp">
      <Filter>ソース ファイル\encode</Filter>
    </ClCompile>
    <ClCompile Include="encode\convert_avx2.cpp">
      <Filter>ソース ファイル\encode</Filter>
    </ClCompile>
    <ClCompile Include="encode\convert_sse2.cpp">
      <Filter>ソース ファイル\encode</Filter>
    </ClCompile>
    <ClCompile Include="encode\convert_sse41.cpp">
      <Filter>ソース ファイル\encode</Filter>
    </ClCompile>
    <ClCompile Include="encode\convert_ssse3.cpp">
      <Filter>ソース ファイル\encode</Filter>
    </ClCompile>
  </ItemGroup>
  <ItemGroup>
    <None Include="VCEEnc.def">
      <Filter>ソース ファイル</Filter>
    </None>
    <None Include="VCEEnc.ini" />
  </ItemGroup>
  <ItemGroup>
    <ClInclude Include="auo.h">
      <Filter>ヘッダー ファイル</Filter>
    </ClInclude>
    <ClInclude Include="auo_version.h">
      <Filter>ヘッダー ファイル</Filter>
    </ClInclude>
    <ClInclude Include="output.h">
      <Filter>ヘッダー ファイル</Filter>
    </ClInclude>
    <ClInclude Include="encode\afs_client.h">
      <Filter>ヘッダー ファイル\encode</Filter>
    </ClInclude>
    <ClInclude Include="encode\auo_audio.h">
      <Filter>ヘッダー ファイル\encode</Filter>
    </ClInclude>
    <ClInclude Include="encode\auo_audio_parallel.h">
      <Filter>ヘッダー ファイル\encode</Filter>
    </ClInclude>
    <ClInclude Include="encode\auo_chapter.h">
      <Filter>ヘッダー ファイル\encode</Filter>
    </ClInclude>
    <ClInclude Include="encode\auo_encode.h">
      <Filter>ヘッダー ファイル\encode</Filter>
    </ClInclude>
    <ClInclude Include="encode\auo_faw2aac.h">
      <Filter>ヘッダー ファイル\encode</Filter>
    </ClInclude>
    <ClInclude Include="encode\auo_mux.h">
      <Filter>ヘッダー ファイル\encode</Filter>
    </ClInclude>
    <ClInclude Include="encode\auo_pipe.h">
      <Filter>ヘッダー ファイル\encode</Filter>
    </ClInclude>
    <ClInclude Include="encode\auo_runbat.h">
      <Filter>ヘッダー ファイル\encode</Filter>
    </ClInclude>
    <ClInclude Include="encode\auo_video.h">
      <Filter>ヘッダー ファイル\encode</Filter>
    </ClInclude>
    <ClInclude Include="encode\convert.h">
      <Filter>ヘッダー ファイル\encode</Filter>
    </ClInclude>
    <ClInclude Include="encode\fawcheck.h">
      <Filter>ヘッダー ファイル\encode</Filter>
    </ClInclude>
    <ClInclude Include="prm\auo_conf.h">
      <Filter>ヘッダー ファイル\prm</Filter>
    </ClInclude>
    <ClInclude Include="prm\auo_settings.h">
      <Filter>ヘッダー ファイル\prm</Filter>
    </ClInclude>
    <ClInclude Include="prm\auo_system.h">
      <Filter>ヘッダー ファイル\prm</Filter>
    </ClInclude>
    <ClInclude Include="prm\auo_util.h">
      <Filter>ヘッダー ファイル\prm</Filter>
    </ClInclude>
    <ClInclude Include="frm\auo_clrutil.h">
      <Filter>ヘッダー ファイル\frm</Filter>
    </ClInclude>
    <ClInclude Include="frm\auo_error.h">
      <Filter>ヘッダー ファイル\frm</Filter>
    </ClInclude>
    <ClInclude Include="frm\auo_frm.h">
      <Filter>ヘッダー ファイル\frm</Filter>
    </ClInclude>
    <ClInclude Include="frm\frmAutoSaveLogSettings.h">
      <Filter>フォーム</Filter>
    </ClInclude>
    <ClInclude Include="frm\frmBitrateCalculator.h">
      <Filter>フォーム</Filter>
    </ClInclude>
    <ClInclude Include="frm\frmConfig.h">
      <Filter>フォーム</Filter>
    </ClInclude>
    <ClInclude Include="frm\frmConfig_helper.h">
      <Filter>フォーム</Filter>
    </ClInclude>
    <ClInclude Include="frm\frmLog.h">
      <Filter>フォーム</Filter>
    </ClInclude>
    <ClInclude Include="frm\frmOtherSettings.h">
      <Filter>フォーム</Filter>
    </ClInclude>
    <ClInclude Include="frm\frmSaveNewStg.h">
      <Filter>フォーム</Filter>
    </ClInclude>
    <ClInclude Include="frm\frmSetTransparency.h">
      <Filter>フォーム</Filter>
    </ClInclude>
    <ClInclude Include="frm\frmSetLogColor.h">
      <Filter>フォーム</Filter>
    </ClInclude>
    <ClInclude Include="encode\exe_version.h">
      <Filter>ヘッダー ファイル\encode</Filter>
    </ClInclude>
    <ClInclude Include="encode\auo_convert.h">
      <Filter>ヘッダー ファイル\encode</Filter>
    </ClInclude>
    <ClInclude Include="frm\ComboBoxFolderBrowser.h">
      <Filter>フォーム</Filter>
    </ClInclude>
    <ClInclude Include="frm\frmNewFolderName.h">
      <Filter>フォーム</Filter>
    </ClInclude>
  </ItemGroup>
  <ItemGroup>
    <ResourceCompile Include="auo_version.rc">
      <Filter>リソース ファイル</Filter>
    </ResourceCompile>
  </ItemGroup>
  <ItemGroup>
    <EmbeddedResource Include="frm\frmAutoSaveLogSettings.resx">
      <Filter>リソース ファイル</Filter>
    </EmbeddedResource>
    <EmbeddedResource Include="frm\frmBitrateCalculator.resx">
      <Filter>リソース ファイル</Filter>
    </EmbeddedResource>
    <EmbeddedResource Include="frm\frmConfig.resx">
      <Filter>リソース ファイル</Filter>
    </EmbeddedResource>
    <EmbeddedResource Include="frm\frmLog.resx">
      <Filter>リソース ファイル</Filter>
    </EmbeddedResource>
    <EmbeddedResource Include="frm\frmOtherSettings.resx">
      <Filter>リソース ファイル</Filter>
    </EmbeddedResource>
    <EmbeddedResource Include="frm\frmSaveNewStg.resx">
      <Filter>リソース ファイル</Filter>
    </EmbeddedResource>
    <EmbeddedResource Include="frm\frmSetTransparency.resx">
      <Filter>リソース ファイル</Filter>
    </EmbeddedResource>
    <EmbeddedResource Include="frm\frmSetLogColor.resx">
      <Filter>リソース ファイル</Filter>
    </EmbeddedResource>
  </ItemGroup>
</Project>