
Microsoft Visual Studio Solution File, Format Version 12.00
# Visual Studio Express 2012 for Windows Desktop
Project("{8BC9CEB8-8B4A-11D0-8D11-00A0C91BC942}") = "VCEEnc", "VCEEnc\VCEEnc.vcxproj", "{05D4409E-70DD-489B-9A83-268E6CB1B4C5}"
EndProject
Project("{8BC9CEB8-8B4A-11D0-8D11-00A0C91BC942}") = "VCECore", "VCECore\VCECore.vcxproj", "{06E67B5B-0DA2-4503-A1CA-D75F94BD977A}"
EndProject
Project("{8BC9CEB8-8B4A-11D0-8D11-00A0C91BC942}") = "VCEEncC", "VCEEncC\VCEEncC.vcxproj", "{6F2D2D39-4BA4-4AB5-9D57-A7C1417EAFFA}"
EndProject
Global
	GlobalSection(SolutionConfigurationPlatforms) = preSolution
		Debug|Win32 = Debug|Win32
		Release|Win32 = Release|Win32
	EndGlobalSection
	GlobalSection(ProjectConfigurationPlatforms) = postSolution
		{05D4409E-70DD-489B-9A83-268E6CB1B4C5}.Debug|Win32.ActiveCfg = Debug|Win32
		{05D4409E-70DD-489B-9A83-268E6CB1B4C5}.Debug|Win32.Build.0 = Debug|Win32
		{05D4409E-70DD-489B-9A83-268E6CB1B4C5}.Release|Win32.ActiveCfg = Release|Win32
		{05D4409E-70DD-489B-9A83-268E6CB1B4C5}.Release|Win32.Build.0 = Release|Win32
		{06E67B5B-0DA2-4503-A1CA-D75F94BD977A}.Debug|Win32.ActiveCfg = Debug|Win32
		{06E67B5B-0DA2-4503-A1CA-D75F94BD977A}.Debug|Win32.Build.0 = Debug|Win32
		{06E67B5B-0DA2-4503-A1CA-D75F94BD977A}.Release|Win32.ActiveCfg = Release|Win32
		{06E67B5B-0DA2-4503-A1CA-D75F94BD977A}.Release|Win32.Build.0 = Release|Win32
		{6F2D2D39-4BA4-4AB5-9D57-A7C1417EAFFA}.Debug|Win32.ActiveCfg = Debug|Win32
		{6F2D2D39-4BA4-4AB5-9D57-A7C1417EAFFA}.Release|Win32.ActiveCfg = Release|Win32
	EndGlobalSection
	GlobalSection(SolutionProperties) = preSolution
		HideSolutionNode = FALSE
	EndGlobalSection
EndGlobal
